
Microsoft Visual Studio Solution File, Format Version 12.00
# Visual Studio Version 17
VisualStudioVersion = 17.2.32630.192
MinimumVisualStudioVersion = 10.0.40219.1
Project("{8BC9CEB8-8B4A-11D0-8D11-00A0C91BC942}") = "Ejemplo Grafos_Matriz de Adyacencias", "Ejemplo Grafos_Matriz de Adyacencias.vcxproj", "{5B0DC835-592C-4502-BBA8-A526BAE0B24E}"
EndProject
Global
	GlobalSection(SolutionConfigurationPlatforms) = preSolution
		Debug|x64 = Debug|x64
		Debug|x86 = Debug|x86
		Release|x64 = Release|x64
		Release|x86 = Release|x86
	EndGlobalSection
	GlobalSection(ProjectConfigurationPlatforms) = postSolution
		{5B0DC835-592C-4502-BBA8-A526BAE0B24E}.Debug|x64.ActiveCfg = Debug|x64
		{5B0DC835-592C-4502-BBA8-A526BAE0B24E}.Debug|x64.Build.0 = Debug|x64
		{5B0DC835-592C-4502-BBA8-A526BAE0B24E}.Debug|x86.ActiveCfg = Debug|Win32
		{5B0DC835-592C-4502-BBA8-A526BAE0B24E}.Debug|x86.Build.0 = Debug|Win32
		{5B0DC835-592C-4502-BBA8-A526BAE0B24E}.Release|x64.ActiveCfg = Release|x64
		{5B0DC835-592C-4502-BBA8-A526BAE0B24E}.Release|x64.Build.0 = Release|x64
		{5B0DC835-592C-4502-BBA8-A526BAE0B24E}.Release|x86.ActiveCfg = Release|Win32
		{5B0DC835-592C-4502-BBA8-A526BAE0B24E}.Release|x86.Build.0 = Release|Win32
	EndGlobalSection
	GlobalSection(SolutionProperties) = preSolution
		HideSolutionNode = FALSE
	EndGlobalSection
	GlobalSection(ExtensibilityGlobals) = postSolution
		SolutionGuid = {2ED02AD0-AD77-4A77-8AC1-5C0C37F6B7F1}
	EndGlobalSection
EndGlobal
